
Microsoft Visual Studio Solution File, Format Version 12.00
# Visual Studio Version 16
VisualStudioVersion = 16.0.31402.337
MinimumVisualStudioVersion = 10.0.40219.1
Project("{FAE04EC0-301F-11D3-BF4B-00C04F79EFBC}") = "FFPR_FontTool", "FFPR_FontTool\FFPR_FontTool.csproj", "{67436834-A06B-4939-8401-3B45D4A9AE67}"
EndProject
Global
	GlobalSection(SolutionConfigurationPlatforms) = preSolution
		Debug|Any CPU = Debug|Any CPU
		Release|Any CPU = Release|Any CPU
	EndGlobalSection
	GlobalSection(ProjectConfigurationPlatforms) = postSolution
		{67436834-A06B-4939-8401-3B45D4A9AE67}.Debug|Any CPU.ActiveCfg = Debug|Any CPU
		{67436834-A06B-4939-8401-3B45D4A9AE67}.Debug|Any CPU.Build.0 = Debug|Any CPU
		{67436834-A06B-4939-8401-3B45D4A9AE67}.Release|Any CPU.ActiveCfg = Release|Any CPU
		{67436834-A06B-4939-8401-3B45D4A9AE67}.Release|Any CPU.Build.0 = Release|Any CPU
	EndGlobalSection
	GlobalSection(SolutionProperties) = preSolution
		HideSolutionNode = FALSE
	EndGlobalSection
	GlobalSection(ExtensibilityGlobals) = postSolution
		SolutionGuid = {D6909EFC-8A9D-4010-92AD-AC2142E061AA}
	EndGlobalSection
EndGlobal
